# This file is @generated by PDM.
# It is not intended for manual editing.

[metadata]
groups = ["default", "dev"]
strategy = ["inherit_metadata"]
lock_version = "4.5.0"
content_hash = "sha256:cca1b731da3334d468aff86f976fe3e95e3f7a4b7066fa535a7944c79bb0306f"

[[metadata.targets]]
requires_python = ">=3.11"

[[package]]
name = "alliance-platform-core"
version = "0.0.3"
requires_python = ">=3.11"
editable = true
path = "../ap-core"
summary = "Alliance Platform Core"
groups = ["default", "dev"]

[[package]]
name = "asgiref"
version = "3.8.1"
requires_python = ">=3.8"
summary = "ASGI specs, helper code, and adapters"
groups = ["default", "dev"]
dependencies = [
    "typing-extensions>=4; python_version < \"3.11\"",
]
files = [
    {file = "asgiref-3.8.1-py3-none-any.whl", hash = "sha256:3e1e3ecc849832fe52ccf2cb6686b7a55f82bb1d6aee72a58826471390335e47"},
    {file = "asgiref-3.8.1.tar.gz", hash = "sha256:c343bd80a0bec947a9860adb4c432ffa7db769836c64238fc34bdc3fec84d590"},
]

[[package]]
name = "django"
version = "5.1.3"
requires_python = ">=3.10"
summary = "A high-level Python web framework that encourages rapid development and clean, pragmatic design."
groups = ["default", "dev"]
dependencies = [
    "asgiref<4,>=3.8.1",
    "sqlparse>=0.3.1",
    "tzdata; sys_platform == \"win32\"",
]
files = [
    {file = "Django-5.1.3-py3-none-any.whl", hash = "sha256:8b38a9a12da3ae00cb0ba72da985ec4b14de6345046b1e174b1fd7254398f818"},
    {file = "Django-5.1.3.tar.gz", hash = "sha256:c0fa0e619c39325a169208caef234f90baa925227032ad3f44842ba14d75234a"},
]

[[package]]
name = "django-allianceutils"
version = "4.1.0"
requires_python = "<4.0,>=3.8"
summary = "Alliance Software common utilities for Django"
groups = ["default"]
dependencies = [
    "typing-extensions<5.0.0,>=4.5.0",
]
files = [
    {file = "django_allianceutils-4.1.0-py3-none-any.whl", hash = "sha256:64b2453dba43252f1277aa5dfc3e1865ea0ccee0bdc48e521cc9fde3cfeada48"},
    {file = "django_allianceutils-4.1.0.tar.gz", hash = "sha256:712be37ac6082cc6b91130331328455d1edc19a3b3694edaf0aa0932edcec37f"},
]

[[package]]
name = "django-hijack"
version = "3.7.0"
requires_python = ">=3.9"
summary = "Enable users to hijack (=login as) and work on behalf of another user."
groups = ["dev"]
dependencies = [
    "django>=4.2",
]
files = [
    {file = "django_hijack-3.7.0-py3-none-any.whl", hash = "sha256:bcc849fc9ee5bc17cce409121ed51c0cf9b11782a7a3a0be10cdc83425734e29"},
    {file = "django_hijack-3.7.0.tar.gz", hash = "sha256:c665cf2d011adb8213b232522051159146f352d7274ea147066fd831ccf5fecc"},
]

[[package]]
name = "django-pghistory"
version = "3.5.0"
requires_python = "<4,>=3.9.0"
summary = "History tracking for Django and Postgres"
groups = ["default"]
dependencies = [
    "django-pgtrigger>=4.12.0",
    "django>=4",
]
files = [
    {file = "django_pghistory-3.5.0-py3-none-any.whl", hash = "sha256:c0818e1db4ebe0493588a5ea5fba1a81b30026a17494bbcb8f3745a63684b36b"},
    {file = "django_pghistory-3.5.0.tar.gz", hash = "sha256:cf0f3db64699ebfbffb77232c85618520bebd2ca12083a0584b9579b16d027d1"},
]

[[package]]
name = "django-pgtrigger"
version = "4.13.1"
requires_python = "<4,>=3.9.0"
summary = "Postgres trigger support integrated with Django models."
groups = ["default"]
dependencies = [
    "django>=4",
]
files = [
    {file = "django_pgtrigger-4.13.1-py3-none-any.whl", hash = "sha256:56dfb3a17b3e353343fb996fe524ac58ac7b43e695aab02737e11111017641f7"},
    {file = "django_pgtrigger-4.13.1.tar.gz", hash = "sha256:1ac7b10d350f2d6983efcd424f7a6ba9c36e869fe9e12dbfb6e251dc46c949bc"},
]

[[package]]
name = "psycopg2"
version = "2.9.10"
requires_python = ">=3.8"
summary = "psycopg2 - Python-PostgreSQL Database Adapter"
groups = ["dev"]
files = [
    {file = "psycopg2-2.9.10-cp311-cp311-win32.whl", hash = "sha256:47c4f9875125344f4c2b870e41b6aad585901318068acd01de93f3677a6522c2"},
    {file = "psycopg2-2.9.10-cp311-cp311-win_amd64.whl", hash = "sha256:0435034157049f6846e95103bd8f5a668788dd913a7c30162ca9503fdf542cb4"},
    {file = "psycopg2-2.9.10-cp312-cp312-win32.whl", hash = "sha256:65a63d7ab0e067e2cdb3cf266de39663203d38d6a8ed97f5ca0cb315c73fe067"},
    {file = "psycopg2-2.9.10-cp312-cp312-win_amd64.whl", hash = "sha256:4a579d6243da40a7b3182e0430493dbd55950c493d8c68f4eec0b302f6bbf20e"},
    {file = "psycopg2-2.9.10.tar.gz", hash = "sha256:12ec0b40b0273f95296233e8750441339298e6a572f7039da5b260e3c8b60e11"},
]

[[package]]
name = "rules"
version = "3.5"
summary = "Awesome Django authorization, without the database"
groups = ["dev"]
files = [
    {file = "rules-3.5-py2.py3-none-any.whl", hash = "sha256:0f00fc9ee448b3f82e9aff9334ab0c56c76dce4dfa14f1598f57969f1022acc0"},
    {file = "rules-3.5.tar.gz", hash = "sha256:f01336218f4561bab95f53672d22418b4168baea271423d50d9e8490d64cb27a"},
]

[[package]]
name = "sqlparse"
version = "0.5.1"
requires_python = ">=3.8"
summary = "A non-validating SQL parser."
groups = ["default", "dev"]
files = [
    {file = "sqlparse-0.5.1-py3-none-any.whl", hash = "sha256:773dcbf9a5ab44a090f3441e2180efe2560220203dc2f8c0b0fa141e18b505e4"},
    {file = "sqlparse-0.5.1.tar.gz", hash = "sha256:bb6b4df465655ef332548e24f08e205afc81b9ab86cb1c45657a7ff173a3a00e"},
]

[[package]]
name = "typing-extensions"
version = "4.12.2"
requires_python = ">=3.8"
summary = "Backported and Experimental Type Hints for Python 3.8+"
groups = ["default"]
files = [
    {file = "typing_extensions-4.12.2-py3-none-any.whl", hash = "sha256:04e5ca0351e0f3f85c6853954072df659d0d13fac324d0072316b67d7794700d"},
    {file = "typing_extensions-4.12.2.tar.gz", hash = "sha256:1a7ead55c7e559dd4dee8856e3a88b41225abfe1ce8df57b7c13915fe121ffb8"},
]

[[package]]
name = "tzdata"
version = "2024.2"
requires_python = ">=2"
summary = "Provider of IANA time zone data"
groups = ["default", "dev"]
marker = "sys_platform == \"win32\""
files = [
    {file = "tzdata-2024.2-py2.py3-none-any.whl", hash = "sha256:a48093786cdcde33cad18c2555e8532f34422074448fbc874186f0abd79565cd"},
    {file = "tzdata-2024.2.tar.gz", hash = "sha256:7d85cc416e9382e69095b7bdf4afd9e3880418a2413feec7069d533d6b4e31cc"},
]
